{
    "_readme": [
        "This file locks the dependencies of your project to a known state",
        "Read more about it at https://getcomposer.org/doc/01-basic-usage.md#installing-dependencies",
        "This file is @generated automatically"
    ],
    "content-hash": "bc87da180008f06d5a6a7245853059f7",
    "packages": [
        {
            "name": "mcmaroon/mcps_helper",
            "version": "dev-master",
            "source": {
                "type": "git",
                "url": "https://github.com/mcmaroon/mcps_helper.git",
                "reference": "777411d85da6468c667183b658329c78e48c7951"
            },
            "require-dev": {
                "consolidation/robo": "1.0.6",
                "monolog/monolog": "1.23",
                "phpunit/phpunit": "4.8.35"
            },
            "type": "library",
            "autoload": {
                "psr-4": {
                    "MCPS\\Helper\\": ""
                }
            },
            "autoload-dev": {
                "psr-4": {
                    "Tests\\": "tests/"
                }
            },
            "license": [
                "MIT"
            ],
            "authors": [
                {
                    "name": "mcmaroon",
                    "email": "mcmaroonmc@gmail.com"
                }
            ],
            "description": "Prestashop module helper",
            "homepage": "https://github.com/mcmaroon/mcps_helper",
            "keywords": [
                "helper",
                "module",
                "prestashop"
            ],
            "time": "2018-06-06T12:27:56+00:00"
        }
    ],
    "packages-dev": [],
    "aliases": [],
    "minimum-stability": "stable",
    "stability-flags": {
        "mcmaroon/mcps_helper": 20
    },
    "prefer-stable": false,
    "prefer-lowest": false,
    "platform": [],
    "platform-dev": []
}
